
Microsoft Visual Studio Solution File, Format Version 12.00
# Visual Studio Version 16
VisualStudioVersion = 16.0.30413.136
MinimumVisualStudioVersion = 10.0.40219.1
Project("{FAE04EC0-301F-11D3-BF4B-00C04F79EFBC}") = "RecruitCatAkunurla", "RecruitCatAkunurla\RecruitCatAkunurla.csproj", "{50963268-74B9-4123-B272-40A8E983F7DD}"
EndProject
Global
	GlobalSection(SolutionConfigurationPlatforms) = preSolution
		Debug|Any CPU = Debug|Any CPU
		Release|Any CPU = Release|Any CPU
	EndGlobalSection
	GlobalSection(ProjectConfigurationPlatforms) = postSolution
		{50963268-74B9-4123-B272-40A8E983F7DD}.Debug|Any CPU.ActiveCfg = Debug|Any CPU
		{50963268-74B9-4123-B272-40A8E983F7DD}.Debug|Any CPU.Build.0 = Debug|Any CPU
		{50963268-74B9-4123-B272-40A8E983F7DD}.Release|Any CPU.ActiveCfg = Release|Any CPU
		{50963268-74B9-4123-B272-40A8E983F7DD}.Release|Any CPU.Build.0 = Release|Any CPU
	EndGlobalSection
	GlobalSection(SolutionProperties) = preSolution
		HideSolutionNode = FALSE
	EndGlobalSection
	GlobalSection(ExtensibilityGlobals) = postSolution
		SolutionGuid = {C69E37E9-76FA-448F-9C64-6A018A875C45}
	EndGlobalSection
EndGlobal
